
Microsoft Visual Studio Solution File, Format Version 12.00
# Visual Studio Version 16
VisualStudioVersion = 16.0.30225.117
MinimumVisualStudioVersion = 10.0.40219.1
Project("{FAE04EC0-301F-11D3-BF4B-00C04F79EFBC}") = "Sta.PokemonMacroExecutor2", "Sta.PokemonMacroExecutor2\Sta.PokemonMacroExecutor2.csproj", "{7215E290-2486-4473-AF33-F4124D3A6DBB}"
EndProject
Project("{2150E333-8FDC-42A3-9474-1A3956D46DE8}") = "Models", "Models", "{F135E07C-1DED-45E1-B952-85DDA0554927}"
EndProject
Project("{2150E333-8FDC-42A3-9474-1A3956D46DE8}") = "Common", "Common", "{5E7CF71D-7811-4970-AF41-C54C06D67F19}"
EndProject
Project("{2150E333-8FDC-42A3-9474-1A3956D46DE8}") = "Modules", "Modules", "{94B4BCED-20D7-4200-81C1-DDB0F3CCA72C}"
EndProject
Project("{FAE04EC0-301F-11D3-BF4B-00C04F79EFBC}") = "Sta.Controls", "Common\Sta.Controls\Sta.Controls.csproj", "{40BA3C0C-E696-46FF-99B0-3A3968B981B7}"
EndProject
Project("{FAE04EC0-301F-11D3-BF4B-00C04F79EFBC}") = "Sta.Utilities", "Common\Sta.Utilities\Sta.Utilities.csproj", "{693C16DF-C446-4E87-8A9D-B8F182B730F9}"
EndProject
Project("{FAE04EC0-301F-11D3-BF4B-00C04F79EFBC}") = "Sta.AutomationMacro", "Models\Sta.AutomationMacro\Sta.AutomationMacro.csproj", "{372C9259-B813-486E-AAA9-5B46EA768B5A}"
EndProject
Project("{FAE04EC0-301F-11D3-BF4B-00C04F79EFBC}") = "Sta.CaptureBoard", "Models\Sta.CaptureBoard\Sta.CaptureBoard.csproj", "{F86BEAC1-5383-4FFC-88A6-34019228719F}"
EndProject
Project("{FAE04EC0-301F-11D3-BF4B-00C04F79EFBC}") = "Sta.SwitchController", "Models\Sta.SwitchController\Sta.SwitchController.csproj", "{BF68560C-01C3-42E7-AD45-2629E812CC10}"
EndProject
Project("{FAE04EC0-301F-11D3-BF4B-00C04F79EFBC}") = "Sta.Modules.Controller", "Sta.PokemonMacroExecutor2.Modules\Sta.Modules.Controller\Sta.Modules.Controller.csproj", "{B0745CB3-F84F-448E-81DC-C0BE8C52C5AA}"
EndProject
Project("{FAE04EC0-301F-11D3-BF4B-00C04F79EFBC}") = "Sta.Modules.ImageViewer", "Sta.PokemonMacroExecutor2.Modules\Sta.Modules.ImageViewer\Sta.Modules.ImageViewer.csproj", "{AC46C47D-0000-42E2-AAF5-661B3E295211}"
EndProject
Project("{FAE04EC0-301F-11D3-BF4B-00C04F79EFBC}") = "Sta.Modules.MacroExecutor", "Sta.PokemonMacroExecutor2.Modules\Sta.Modules.MacroExecutor\Sta.Modules.MacroExecutor.csproj", "{3707FEA0-E4E6-4F14-88A2-0DE1065EB0A3}"
EndProject
Global
	GlobalSection(SolutionConfigurationPlatforms) = preSolution
		Debug|Any CPU = Debug|Any CPU
		Release|Any CPU = Release|Any CPU
	EndGlobalSection
	GlobalSection(ProjectConfigurationPlatforms) = postSolution
		{7215E290-2486-4473-AF33-F4124D3A6DBB}.Debug|Any CPU.ActiveCfg = Debug|Any CPU
		{7215E290-2486-4473-AF33-F4124D3A6DBB}.Debug|Any CPU.Build.0 = Debug|Any CPU
		{7215E290-2486-4473-AF33-F4124D3A6DBB}.Release|Any CPU.ActiveCfg = Release|Any CPU
		{7215E290-2486-4473-AF33-F4124D3A6DBB}.Release|Any CPU.Build.0 = Release|Any CPU
		{40BA3C0C-E696-46FF-99B0-3A3968B981B7}.Debug|Any CPU.ActiveCfg = Debug|Any CPU
		{40BA3C0C-E696-46FF-99B0-3A3968B981B7}.Debug|Any CPU.Build.0 = Debug|Any CPU
		{40BA3C0C-E696-46FF-99B0-3A3968B981B7}.Release|Any CPU.ActiveCfg = Release|Any CPU
		{40BA3C0C-E696-46FF-99B0-3A3968B981B7}.Release|Any CPU.Build.0 = Release|Any CPU
		{693C16DF-C446-4E87-8A9D-B8F182B730F9}.Debug|Any CPU.ActiveCfg = Debug|Any CPU
		{693C16DF-C446-4E87-8A9D-B8F182B730F9}.Debug|Any CPU.Build.0 = Debug|Any CPU
		{693C16DF-C446-4E87-8A9D-B8F182B730F9}.Release|Any CPU.ActiveCfg = Release|Any CPU
		{693C16DF-C446-4E87-8A9D-B8F182B730F9}.Release|Any CPU.Build.0 = Release|Any CPU
		{372C9259-B813-486E-AAA9-5B46EA768B5A}.Debug|Any CPU.ActiveCfg = Debug|Any CPU
		{372C9259-B813-486E-AAA9-5B46EA768B5A}.Debug|Any CPU.Build.0 = Debug|Any CPU
		{372C9259-B813-486E-AAA9-5B46EA768B5A}.Release|Any CPU.ActiveCfg = Release|Any CPU
		{372C9259-B813-486E-AAA9-5B46EA768B5A}.Release|Any CPU.Build.0 = Release|Any CPU
		{F86BEAC1-5383-4FFC-88A6-34019228719F}.Debug|Any CPU.ActiveCfg = Debug|Any CPU
		{F86BEAC1-5383-4FFC-88A6-34019228719F}.Debug|Any CPU.Build.0 = Debug|Any CPU
		{F86BEAC1-5383-4FFC-88A6-34019228719F}.Release|Any CPU.ActiveCfg = Release|Any CPU
		{F86BEAC1-5383-4FFC-88A6-34019228719F}.Release|Any CPU.Build.0 = Release|Any CPU
		{BF68560C-01C3-42E7-AD45-2629E812CC10}.Debug|Any CPU.ActiveCfg = Debug|Any CPU
		{BF68560C-01C3-42E7-AD45-2629E812CC10}.Debug|Any CPU.Build.0 = Debug|Any CPU
		{BF68560C-01C3-42E7-AD45-2629E812CC10}.Release|Any CPU.ActiveCfg = Release|Any CPU
		{BF68560C-01C3-42E7-AD45-2629E812CC10}.Release|Any CPU.Build.0 = Release|Any CPU
		{B0745CB3-F84F-448E-81DC-C0BE8C52C5AA}.Debug|Any CPU.ActiveCfg = Debug|Any CPU
		{B0745CB3-F84F-448E-81DC-C0BE8C52C5AA}.Debug|Any CPU.Build.0 = Debug|Any CPU
		{B0745CB3-F84F-448E-81DC-C0BE8C52C5AA}.Release|Any CPU.ActiveCfg = Release|Any CPU
		{B0745CB3-F84F-448E-81DC-C0BE8C52C5AA}.Release|Any CPU.Build.0 = Release|Any CPU
		{AC46C47D-0000-42E2-AAF5-661B3E295211}.Debug|Any CPU.ActiveCfg = Debug|Any CPU
		{AC46C47D-0000-42E2-AAF5-661B3E295211}.Debug|Any CPU.Build.0 = Debug|Any CPU
		{AC46C47D-0000-42E2-AAF5-661B3E295211}.Release|Any CPU.ActiveCfg = Release|Any CPU
		{AC46C47D-0000-42E2-AAF5-661B3E295211}.Release|Any CPU.Build.0 = Release|Any CPU
		{3707FEA0-E4E6-4F14-88A2-0DE1065EB0A3}.Debug|Any CPU.ActiveCfg = Debug|Any CPU
		{3707FEA0-E4E6-4F14-88A2-0DE1065EB0A3}.Debug|Any CPU.Build.0 = Debug|Any CPU
		{3707FEA0-E4E6-4F14-88A2-0DE1065EB0A3}.Release|Any CPU.ActiveCfg = Release|Any CPU
		{3707FEA0-E4E6-4F14-88A2-0DE1065EB0A3}.Release|Any CPU.Build.0 = Release|Any CPU
	EndGlobalSection
	GlobalSection(SolutionProperties) = preSolution
		HideSolutionNode = FALSE
	EndGlobalSection
	GlobalSection(NestedProjects) = preSolution
		{40BA3C0C-E696-46FF-99B0-3A3968B981B7} = {5E7CF71D-7811-4970-AF41-C54C06D67F19}
		{693C16DF-C446-4E87-8A9D-B8F182B730F9} = {5E7CF71D-7811-4970-AF41-C54C06D67F19}
		{372C9259-B813-486E-AAA9-5B46EA768B5A} = {F135E07C-1DED-45E1-B952-85DDA0554927}
		{F86BEAC1-5383-4FFC-88A6-34019228719F} = {F135E07C-1DED-45E1-B952-85DDA0554927}
		{BF68560C-01C3-42E7-AD45-2629E812CC10} = {F135E07C-1DED-45E1-B952-85DDA0554927}
		{B0745CB3-F84F-448E-81DC-C0BE8C52C5AA} = {94B4BCED-20D7-4200-81C1-DDB0F3CCA72C}
		{AC46C47D-0000-42E2-AAF5-661B3E295211} = {94B4BCED-20D7-4200-81C1-DDB0F3CCA72C}
		{3707FEA0-E4E6-4F14-88A2-0DE1065EB0A3} = {94B4BCED-20D7-4200-81C1-DDB0F3CCA72C}
	EndGlobalSection
	GlobalSection(ExtensibilityGlobals) = postSolution
		SolutionGuid = {0FA4BF73-11CC-4BDC-AA58-5AB8253E30E5}
	EndGlobalSection
EndGlobal
